
Microsoft Visual Studio Solution File, Format Version 12.00
Project("{FAE04EC0-301F-11D3-BF4B-00C04F79EFBC}") = "Feb17", "Feb17\Feb17.csproj", "{7B7DE5C9-8289-4FA7-B2E4-83B1899C09ED}"
EndProject
Global
	GlobalSection(SolutionConfigurationPlatforms) = preSolution
		Debug|Any CPU = Debug|Any CPU
		Release|Any CPU = Release|Any CPU
	EndGlobalSection
	GlobalSection(ProjectConfigurationPlatforms) = postSolution
		{7B7DE5C9-8289-4FA7-B2E4-83B1899C09ED}.Debug|Any CPU.ActiveCfg = Debug|Any CPU
		{7B7DE5C9-8289-4FA7-B2E4-83B1899C09ED}.Debug|Any CPU.Build.0 = Debug|Any CPU
		{7B7DE5C9-8289-4FA7-B2E4-83B1899C09ED}.Release|Any CPU.ActiveCfg = Release|Any CPU
		{7B7DE5C9-8289-4FA7-B2E4-83B1899C09ED}.Release|Any CPU.Build.0 = Release|Any CPU
	EndGlobalSection
EndGlobal
